Microsoft Visual Studio Solution File, Format Version 8.00
Project("{8BC9CEB8-8B4A-11D0-8D11-00A0C91BC942}") = "keycode", "keycode\keycode.vcproj", "{B31BF2E8-79E6-4735-BEA2-C1B4041C2D2E}"
	ProjectSection(ProjectDependencies) = postProject
	EndProjectSection
EndProject
Project("{8BC9CEB8-8B4A-11D0-8D11-00A0C91BC942}") = "ttermpro", "ttermpro.vcproj", "{BC4CDBE3-6269-47A8-BD74-EEB3A6160E06}"
	ProjectSection(ProjectDependencies) = postProject
		{118E0D32-5553-4F73-9927-E873C1C500E4} = {118E0D32-5553-4F73-9927-E873C1C500E4}
	EndProjectSection
EndProject
Project("{8BC9CEB8-8B4A-11D0-8D11-00A0C91BC942}") = "ttpcmn", "ttpcmn\ttpcmn.vcproj", "{118E0D32-5553-4F73-9927-E873C1C500E4}"
	ProjectSection(ProjectDependencies) = postProject
	EndProjectSection
EndProject
Project("{8BC9CEB8-8B4A-11D0-8D11-00A0C91BC942}") = "ttpdlg", "ttpdlg\ttpdlg.vcproj", "{47CB840D-85C8-460F-9101-BEB54BEF9D56}"
	ProjectSection(ProjectDependencies) = postProject
		{118E0D32-5553-4F73-9927-E873C1C500E4} = {118E0D32-5553-4F73-9927-E873C1C500E4}
	EndProjectSection
EndProject
Project("{8BC9CEB8-8B4A-11D0-8D11-00A0C91BC942}") = "ttpfile", "ttpfile\ttpfile.vcproj", "{311F2B21-AEC4-4384-8209-BB83B54749B4}"
	ProjectSection(ProjectDependencies) = postProject
		{118E0D32-5553-4F73-9927-E873C1C500E4} = {118E0D32-5553-4F73-9927-E873C1C500E4}
	EndProjectSection
EndProject
Project("{8BC9CEB8-8B4A-11D0-8D11-00A0C91BC942}") = "ttpmacro", "ttpmacro\ttpmacro.vcproj", "{BA519362-A2C2-4B1A-905B-F00791F9038A}"
	ProjectSection(ProjectDependencies) = postProject
	EndProjectSection
EndProject
Project("{8BC9CEB8-8B4A-11D0-8D11-00A0C91BC942}") = "ttpset", "ttpset\ttpset.vcproj", "{5CF58947-E861-4A5C-B0B1-E85486F149CD}"
	ProjectSection(ProjectDependencies) = postProject
	EndProjectSection
EndProject
Project("{8BC9CEB8-8B4A-11D0-8D11-00A0C91BC942}") = "ttptek", "ttptek\ttptek.vcproj", "{6D08053B-1C68-4A7E-8766-3553F5AF010B}"
	ProjectSection(ProjectDependencies) = postProject
		{118E0D32-5553-4F73-9927-E873C1C500E4} = {118E0D32-5553-4F73-9927-E873C1C500E4}
	EndProjectSection
EndProject
Global
	GlobalSection(SolutionConfiguration) = preSolution
		Debug = Debug
		Release = Release
	EndGlobalSection
	GlobalSection(ProjectConfiguration) = postSolution
		{B31BF2E8-79E6-4735-BEA2-C1B4041C2D2E}.Debug.ActiveCfg = Debug|Win32
		{B31BF2E8-79E6-4735-BEA2-C1B4041C2D2E}.Debug.Build.0 = Debug|Win32
		{B31BF2E8-79E6-4735-BEA2-C1B4041C2D2E}.Release.ActiveCfg = Release|Win32
		{B31BF2E8-79E6-4735-BEA2-C1B4041C2D2E}.Release.Build.0 = Release|Win32
		{BC4CDBE3-6269-47A8-BD74-EEB3A6160E06}.Debug.ActiveCfg = Debug|Win32
		{BC4CDBE3-6269-47A8-BD74-EEB3A6160E06}.Debug.Build.0 = Debug|Win32
		{BC4CDBE3-6269-47A8-BD74-EEB3A6160E06}.Release.ActiveCfg = Release|Win32
		{BC4CDBE3-6269-47A8-BD74-EEB3A6160E06}.Release.Build.0 = Release|Win32
		{118E0D32-5553-4F73-9927-E873C1C500E4}.Debug.ActiveCfg = Debug|Win32
		{118E0D32-5553-4F73-9927-E873C1C500E4}.Debug.Build.0 = Debug|Win32
		{118E0D32-5553-4F73-9927-E873C1C500E4}.Release.ActiveCfg = Release|Win32
		{118E0D32-5553-4F73-9927-E873C1C500E4}.Release.Build.0 = Release|Win32
		{47CB840D-85C8-460F-9101-BEB54BEF9D56}.Debug.ActiveCfg = Debug|Win32
		{47CB840D-85C8-460F-9101-BEB54BEF9D56}.Debug.Build.0 = Debug|Win32
		{47CB840D-85C8-460F-9101-BEB54BEF9D56}.Release.ActiveCfg = Release|Win32
		{47CB840D-85C8-460F-9101-BEB54BEF9D56}.Release.Build.0 = Release|Win32
		{311F2B21-AEC4-4384-8209-BB83B54749B4}.Debug.ActiveCfg = Debug|Win32
		{311F2B21-AEC4-4384-8209-BB83B54749B4}.Debug.Build.0 = Debug|Win32
		{311F2B21-AEC4-4384-8209-BB83B54749B4}.Release.ActiveCfg = Release|Win32
		{311F2B21-AEC4-4384-8209-BB83B54749B4}.Release.Build.0 = Release|Win32
		{BA519362-A2C2-4B1A-905B-F00791F9038A}.Debug.ActiveCfg = Debug|Win32
		{BA519362-A2C2-4B1A-905B-F00791F9038A}.Debug.Build.0 = Debug|Win32
		{BA519362-A2C2-4B1A-905B-F00791F9038A}.Release.ActiveCfg = Release|Win32
		{BA519362-A2C2-4B1A-905B-F00791F9038A}.Release.Build.0 = Release|Win32
		{5CF58947-E861-4A5C-B0B1-E85486F149CD}.Debug.ActiveCfg = Debug|Win32
		{5CF58947-E861-4A5C-B0B1-E85486F149CD}.Debug.Build.0 = Debug|Win32
		{5CF58947-E861-4A5C-B0B1-E85486F149CD}.Release.ActiveCfg = Release|Win32
		{5CF58947-E861-4A5C-B0B1-E85486F149CD}.Release.Build.0 = Release|Win32
		{6D08053B-1C68-4A7E-8766-3553F5AF010B}.Debug.ActiveCfg = Debug|Win32
		{6D08053B-1C68-4A7E-8766-3553F5AF010B}.Debug.Build.0 = Debug|Win32
		{6D08053B-1C68-4A7E-8766-3553F5AF010B}.Release.ActiveCfg = Release|Win32
		{6D08053B-1C68-4A7E-8766-3553F5AF010B}.Release.Build.0 = Release|Win32
	EndGlobalSection
	GlobalSection(ExtensibilityGlobals) = postSolution
	EndGlobalSection
	GlobalSection(ExtensibilityAddIns) = postSolution
	EndGlobalSection
EndGlobal
