Microsoft Visual Studio Solution File, Format Version 8.00
Project("{8BC9CEB8-8B4A-11D0-8D11-00A0C91BC942}") = "matcher", "matcher\matcher.vcproj", "{C4B19BFB-8068-4EF2-A3A1-4EC4C40BE7F1}"
	ProjectSection(ProjectDependencies) = postProject
	EndProjectSection
EndProject
Project("{8BC9CEB8-8B4A-11D0-8D11-00A0C91BC942}") = "ttssh", "ttssh\ttssh.vcproj", "{3D8EF809-7131-4AB2-B442-032A8F49DE33}"
	ProjectSection(ProjectDependencies) = postProject
	EndProjectSection
EndProject
Project("{8BC9CEB8-8B4A-11D0-8D11-00A0C91BC942}") = "ttxssh", "ttxssh\ttxssh.vcproj", "{5638BB89-44E3-4D55-BA98-A01142B4223E}"
	ProjectSection(ProjectDependencies) = postProject
	EndProjectSection
EndProject
Project("{8BC9CEB8-8B4A-11D0-8D11-00A0C91BC942}") = "zlib", "zlib\projects\visualc6\zlib.vcproj", "{8514EAB3-989A-4A81-81C7-04A26834C615}"
	ProjectSection(ProjectDependencies) = postProject
	EndProjectSection
EndProject
Global
	GlobalSection(SolutionConfiguration) = preSolution
		Debug = Debug
		DLL ASM Debug = DLL ASM Debug
		DLL ASM Release = DLL ASM Release
		DLL Debug = DLL Debug
		DLL Release = DLL Release
		LIB ASM Debug = LIB ASM Debug
		LIB ASM Release = LIB ASM Release
		LIB Debug = LIB Debug
		LIB Release = LIB Release
		Release = Release
	EndGlobalSection
	GlobalSection(ProjectConfiguration) = postSolution
		{C4B19BFB-8068-4EF2-A3A1-4EC4C40BE7F1}.Debug.ActiveCfg = Debug|Win32
		{C4B19BFB-8068-4EF2-A3A1-4EC4C40BE7F1}.Debug.Build.0 = Debug|Win32
		{C4B19BFB-8068-4EF2-A3A1-4EC4C40BE7F1}.DLL ASM Debug.ActiveCfg = Debug|Win32
		{C4B19BFB-8068-4EF2-A3A1-4EC4C40BE7F1}.DLL ASM Debug.Build.0 = Debug|Win32
		{C4B19BFB-8068-4EF2-A3A1-4EC4C40BE7F1}.DLL ASM Release.ActiveCfg = Release|Win32
		{C4B19BFB-8068-4EF2-A3A1-4EC4C40BE7F1}.DLL ASM Release.Build.0 = Release|Win32
		{C4B19BFB-8068-4EF2-A3A1-4EC4C40BE7F1}.DLL Debug.ActiveCfg = Debug|Win32
		{C4B19BFB-8068-4EF2-A3A1-4EC4C40BE7F1}.DLL Debug.Build.0 = Debug|Win32
		{C4B19BFB-8068-4EF2-A3A1-4EC4C40BE7F1}.DLL Release.ActiveCfg = Release|Win32
		{C4B19BFB-8068-4EF2-A3A1-4EC4C40BE7F1}.DLL Release.Build.0 = Release|Win32
		{C4B19BFB-8068-4EF2-A3A1-4EC4C40BE7F1}.LIB ASM Debug.ActiveCfg = Debug|Win32
		{C4B19BFB-8068-4EF2-A3A1-4EC4C40BE7F1}.LIB ASM Debug.Build.0 = Debug|Win32
		{C4B19BFB-8068-4EF2-A3A1-4EC4C40BE7F1}.LIB ASM Release.ActiveCfg = Release|Win32
		{C4B19BFB-8068-4EF2-A3A1-4EC4C40BE7F1}.LIB ASM Release.Build.0 = Release|Win32
		{C4B19BFB-8068-4EF2-A3A1-4EC4C40BE7F1}.LIB Debug.ActiveCfg = Debug|Win32
		{C4B19BFB-8068-4EF2-A3A1-4EC4C40BE7F1}.LIB Debug.Build.0 = Debug|Win32
		{C4B19BFB-8068-4EF2-A3A1-4EC4C40BE7F1}.LIB Release.ActiveCfg = Release|Win32
		{C4B19BFB-8068-4EF2-A3A1-4EC4C40BE7F1}.LIB Release.Build.0 = Release|Win32
		{C4B19BFB-8068-4EF2-A3A1-4EC4C40BE7F1}.Release.ActiveCfg = Release|Win32
		{C4B19BFB-8068-4EF2-A3A1-4EC4C40BE7F1}.Release.Build.0 = Release|Win32
		{3D8EF809-7131-4AB2-B442-032A8F49DE33}.Debug.ActiveCfg = Debug|Win32
		{3D8EF809-7131-4AB2-B442-032A8F49DE33}.Debug.Build.0 = Debug|Win32
		{3D8EF809-7131-4AB2-B442-032A8F49DE33}.DLL ASM Debug.ActiveCfg = Debug|Win32
		{3D8EF809-7131-4AB2-B442-032A8F49DE33}.DLL ASM Debug.Build.0 = Debug|Win32
		{3D8EF809-7131-4AB2-B442-032A8F49DE33}.DLL ASM Release.ActiveCfg = Release|Win32
		{3D8EF809-7131-4AB2-B442-032A8F49DE33}.DLL ASM Release.Build.0 = Release|Win32
		{3D8EF809-7131-4AB2-B442-032A8F49DE33}.DLL Debug.ActiveCfg = Debug|Win32
		{3D8EF809-7131-4AB2-B442-032A8F49DE33}.DLL Debug.Build.0 = Debug|Win32
		{3D8EF809-7131-4AB2-B442-032A8F49DE33}.DLL Release.ActiveCfg = Release|Win32
		{3D8EF809-7131-4AB2-B442-032A8F49DE33}.DLL Release.Build.0 = Release|Win32
		{3D8EF809-7131-4AB2-B442-032A8F49DE33}.LIB ASM Debug.ActiveCfg = Debug|Win32
		{3D8EF809-7131-4AB2-B442-032A8F49DE33}.LIB ASM Debug.Build.0 = Debug|Win32
		{3D8EF809-7131-4AB2-B442-032A8F49DE33}.LIB ASM Release.ActiveCfg = Release|Win32
		{3D8EF809-7131-4AB2-B442-032A8F49DE33}.LIB ASM Release.Build.0 = Release|Win32
		{3D8EF809-7131-4AB2-B442-032A8F49DE33}.LIB Debug.ActiveCfg = Debug|Win32
		{3D8EF809-7131-4AB2-B442-032A8F49DE33}.LIB Debug.Build.0 = Debug|Win32
		{3D8EF809-7131-4AB2-B442-032A8F49DE33}.LIB Release.ActiveCfg = Release|Win32
		{3D8EF809-7131-4AB2-B442-032A8F49DE33}.LIB Release.Build.0 = Release|Win32
		{3D8EF809-7131-4AB2-B442-032A8F49DE33}.Release.ActiveCfg = Release|Win32
		{3D8EF809-7131-4AB2-B442-032A8F49DE33}.Release.Build.0 = Release|Win32
		{5638BB89-44E3-4D55-BA98-A01142B4223E}.Debug.ActiveCfg = Debug|Win32
		{5638BB89-44E3-4D55-BA98-A01142B4223E}.Debug.Build.0 = Debug|Win32
		{5638BB89-44E3-4D55-BA98-A01142B4223E}.DLL ASM Debug.ActiveCfg = Debug|Win32
		{5638BB89-44E3-4D55-BA98-A01142B4223E}.DLL ASM Debug.Build.0 = Debug|Win32
		{5638BB89-44E3-4D55-BA98-A01142B4223E}.DLL ASM Release.ActiveCfg = Release|Win32
		{5638BB89-44E3-4D55-BA98-A01142B4223E}.DLL ASM Release.Build.0 = Release|Win32
		{5638BB89-44E3-4D55-BA98-A01142B4223E}.DLL Debug.ActiveCfg = Debug|Win32
		{5638BB89-44E3-4D55-BA98-A01142B4223E}.DLL Debug.Build.0 = Debug|Win32
		{5638BB89-44E3-4D55-BA98-A01142B4223E}.DLL Release.ActiveCfg = Release|Win32
		{5638BB89-44E3-4D55-BA98-A01142B4223E}.DLL Release.Build.0 = Release|Win32
		{5638BB89-44E3-4D55-BA98-A01142B4223E}.LIB ASM Debug.ActiveCfg = Debug|Win32
		{5638BB89-44E3-4D55-BA98-A01142B4223E}.LIB ASM Debug.Build.0 = Debug|Win32
		{5638BB89-44E3-4D55-BA98-A01142B4223E}.LIB ASM Release.ActiveCfg = Release|Win32
		{5638BB89-44E3-4D55-BA98-A01142B4223E}.LIB ASM Release.Build.0 = Release|Win32
		{5638BB89-44E3-4D55-BA98-A01142B4223E}.LIB Debug.ActiveCfg = Debug|Win32
		{5638BB89-44E3-4D55-BA98-A01142B4223E}.LIB Debug.Build.0 = Debug|Win32
		{5638BB89-44E3-4D55-BA98-A01142B4223E}.LIB Release.ActiveCfg = Release|Win32
		{5638BB89-44E3-4D55-BA98-A01142B4223E}.LIB Release.Build.0 = Release|Win32
		{5638BB89-44E3-4D55-BA98-A01142B4223E}.Release.ActiveCfg = Release|Win32
		{5638BB89-44E3-4D55-BA98-A01142B4223E}.Release.Build.0 = Release|Win32
		{8514EAB3-989A-4A81-81C7-04A26834C615}.Debug.ActiveCfg = DLL Debug|Win32
		{8514EAB3-989A-4A81-81C7-04A26834C615}.Debug.Build.0 = DLL Debug|Win32
		{8514EAB3-989A-4A81-81C7-04A26834C615}.DLL ASM Debug.ActiveCfg = DLL ASM Debug|Win32
		{8514EAB3-989A-4A81-81C7-04A26834C615}.DLL ASM Debug.Build.0 = DLL ASM Debug|Win32
		{8514EAB3-989A-4A81-81C7-04A26834C615}.DLL ASM Release.ActiveCfg = DLL ASM Release|Win32
		{8514EAB3-989A-4A81-81C7-04A26834C615}.DLL ASM Release.Build.0 = DLL ASM Release|Win32
		{8514EAB3-989A-4A81-81C7-04A26834C615}.DLL Debug.ActiveCfg = DLL Debug|Win32
		{8514EAB3-989A-4A81-81C7-04A26834C615}.DLL Debug.Build.0 = DLL Debug|Win32
		{8514EAB3-989A-4A81-81C7-04A26834C615}.DLL Release.ActiveCfg = DLL Release|Win32
		{8514EAB3-989A-4A81-81C7-04A26834C615}.DLL Release.Build.0 = DLL Release|Win32
		{8514EAB3-989A-4A81-81C7-04A26834C615}.LIB ASM Debug.ActiveCfg = LIB ASM Debug|Win32
		{8514EAB3-989A-4A81-81C7-04A26834C615}.LIB ASM Debug.Build.0 = LIB ASM Debug|Win32
		{8514EAB3-989A-4A81-81C7-04A26834C615}.LIB ASM Release.ActiveCfg = LIB ASM Release|Win32
		{8514EAB3-989A-4A81-81C7-04A26834C615}.LIB ASM Release.Build.0 = LIB ASM Release|Win32
		{8514EAB3-989A-4A81-81C7-04A26834C615}.LIB Debug.ActiveCfg = LIB Debug|Win32
		{8514EAB3-989A-4A81-81C7-04A26834C615}.LIB Debug.Build.0 = LIB Debug|Win32
		{8514EAB3-989A-4A81-81C7-04A26834C615}.LIB Release.ActiveCfg = LIB Release|Win32
		{8514EAB3-989A-4A81-81C7-04A26834C615}.LIB Release.Build.0 = LIB Release|Win32
		{8514EAB3-989A-4A81-81C7-04A26834C615}.Release.ActiveCfg = LIB ASM Release|Win32
		{8514EAB3-989A-4A81-81C7-04A26834C615}.Release.Build.0 = LIB ASM Release|Win32
	EndGlobalSection
	GlobalSection(ExtensibilityGlobals) = postSolution
	EndGlobalSection
	GlobalSection(ExtensibilityAddIns) = postSolution
	EndGlobalSection
EndGlobal
