Microsoft Visual Studio Solution File, Format Version 8.00
Project("{8BC9CEB8-8B4A-11D0-8D11-00A0C91BC942}") = "matcher", "matcher\matcher.vcproj", "{C4B19BFB-8068-4EF2-A3A1-4EC4C40BE7F1}"
	ProjectSection(ProjectDependencies) = postProject
	EndProjectSection
EndProject
Project("{8BC9CEB8-8B4A-11D0-8D11-00A0C91BC942}") = "ttssh", "ttssh\ttssh.vcproj", "{3D8EF809-7131-4AB2-B442-032A8F49DE33}"
	ProjectSection(ProjectDependencies) = postProject
	EndProjectSection
EndProject
Project("{8BC9CEB8-8B4A-11D0-8D11-00A0C91BC942}") = "ttxssh", "ttxssh\ttxssh.vcproj", "{5638BB89-44E3-4D55-BA98-A01142B4223E}"
	ProjectSection(ProjectDependencies) = postProject
		{EE378408-9D68-4093-B8D4-66F01789D27E} = {EE378408-9D68-4093-B8D4-66F01789D27E}
	EndProjectSection
EndProject
Project("{8BC9CEB8-8B4A-11D0-8D11-00A0C91BC942}") = "zlib", "zlib\zlib.vcproj", "{EE378408-9D68-4093-B8D4-66F01789D27E}"
	ProjectSection(ProjectDependencies) = postProject
	EndProjectSection
EndProject
Global
	GlobalSection(SolutionConfiguration) = preSolution
		Debug = Debug
		Release = Release
	EndGlobalSection
	GlobalSection(ProjectConfiguration) = postSolution
		{C4B19BFB-8068-4EF2-A3A1-4EC4C40BE7F1}.Debug.ActiveCfg = Debug|Win32
		{C4B19BFB-8068-4EF2-A3A1-4EC4C40BE7F1}.Debug.Build.0 = Debug|Win32
		{C4B19BFB-8068-4EF2-A3A1-4EC4C40BE7F1}.Release.ActiveCfg = Release|Win32
		{C4B19BFB-8068-4EF2-A3A1-4EC4C40BE7F1}.Release.Build.0 = Release|Win32
		{3D8EF809-7131-4AB2-B442-032A8F49DE33}.Debug.ActiveCfg = Debug|Win32
		{3D8EF809-7131-4AB2-B442-032A8F49DE33}.Debug.Build.0 = Debug|Win32
		{3D8EF809-7131-4AB2-B442-032A8F49DE33}.Release.ActiveCfg = Release|Win32
		{3D8EF809-7131-4AB2-B442-032A8F49DE33}.Release.Build.0 = Release|Win32
		{5638BB89-44E3-4D55-BA98-A01142B4223E}.Debug.ActiveCfg = Debug|Win32
		{5638BB89-44E3-4D55-BA98-A01142B4223E}.Debug.Build.0 = Debug|Win32
		{5638BB89-44E3-4D55-BA98-A01142B4223E}.Release.ActiveCfg = Release|Win32
		{5638BB89-44E3-4D55-BA98-A01142B4223E}.Release.Build.0 = Release|Win32
		{EE378408-9D68-4093-B8D4-66F01789D27E}.Debug.ActiveCfg = Debug|Win32
		{EE378408-9D68-4093-B8D4-66F01789D27E}.Debug.Build.0 = Debug|Win32
		{EE378408-9D68-4093-B8D4-66F01789D27E}.Release.ActiveCfg = Release|Win32
		{EE378408-9D68-4093-B8D4-66F01789D27E}.Release.Build.0 = Release|Win32
	EndGlobalSection
	GlobalSection(ExtensibilityGlobals) = postSolution
	EndGlobalSection
	GlobalSection(ExtensibilityAddIns) = postSolution
	EndGlobalSection
EndGlobal
